
Microsoft Visual Studio Solution File, Format Version 12.00
# Visual Studio Version 17
VisualStudioVersion = 17.13.35931.197 d17.13
MinimumVisualStudioVersion = 10.0.40219.1
Project("{FAE04EC0-301F-11D3-BF4B-00C04F79EFBC}") = "Veterinária", "Veterinária\Veterinária.csproj", "{0922343A-FD00-48C0-AF62-2E1D7A32185A}"
EndProject
Global
	GlobalSection(SolutionConfigurationPlatforms) = preSolution
		Debug|Any CPU = Debug|Any CPU
		Release|Any CPU = Release|Any CPU
	EndGlobalSection
	GlobalSection(ProjectConfigurationPlatforms) = postSolution
		{0922343A-FD00-48C0-AF62-2E1D7A32185A}.Debug|Any CPU.ActiveCfg = Debug|Any CPU
		{0922343A-FD00-48C0-AF62-2E1D7A32185A}.Debug|Any CPU.Build.0 = Debug|Any CPU
		{0922343A-FD00-48C0-AF62-2E1D7A32185A}.Release|Any CPU.ActiveCfg = Release|Any CPU
		{0922343A-FD00-48C0-AF62-2E1D7A32185A}.Release|Any CPU.Build.0 = Release|Any CPU
	EndGlobalSection
	GlobalSection(SolutionProperties) = preSolution
		HideSolutionNode = FALSE
	EndGlobalSection
	GlobalSection(ExtensibilityGlobals) = postSolution
		SolutionGuid = {07CB184C-9A67-4360-ABAF-0E08E1D5871F}
	EndGlobalSection
EndGlobal
